dependencies:
  bblanchon/arduinojson:
    component_hash: 463812931f99cb7a554d64311288f537b43daaca3eed2427557b907af393447c
    dependencies: []
    source:
      registry_url: https://components.espressif.com/
      type: service
    version: 6.21.5
  espressif/libsodium:
    component_hash: 25b968723c584a2742ca36cebe5a7ef049c6767e059f7b1e1eec69946019025d
    dependencies:
    - name: idf
      require: private
      version: '>=4.2'
    source:
      registry_url: https://components.espressif.com/
      type: service
    version: 1.0.20~2
  espressif/mdns:
    component_hash: 7fd79958fd0b9a4917ee4f50141fe29c902c02d1a1feb1d6751276049b186d6b
    dependencies:
    - name: idf
      require: private
      version: '>=5.0'
    source:
      registry_url: https://components.espressif.com/
      type: service
    version: 1.8.0
  idf:
    source:
      type: idf
    version: 5.1.6
direct_dependencies:
- bblanchon/arduinojson
- espressif/libsodium
- espressif/mdns
- idf
manifest_hash: dfded1dd19fea724069aaac4a789898b4f422c5dcf359824b719ce17f97737e5
target: esp32s3
version: 2.0.0
